// !$*UTF8*$!
{
	archiveVersion = 1;
	classes = {
	};
	objectVersion = 46;
	objects = {

/* Begin PBXBuildFile section */
		31AE18E0E605F8BAEE2E79D2 /* SFDragIndicator.m in Sources */ = {isa = PBXBuildFile; fileRef = 31AE18446F23D95A4FB37451 /* SFDragIndicator.m */; };
		31AE1967A45BA923F811383C /* SelectedAssetView.m in Sources */ = {isa = PBXBuildFile; fileRef = 31AE1BDD1848125634C01C51 /* SelectedAssetView.m */; };
		321E4EEE16D6589500679C5A /* BusyOverlayerView.xib in Resources */ = {isa = PBXBuildFile; fileRef = 321E4EED16D6589500679C5A /* BusyOverlayerView.xib */; };
		321E4EF116D6595900679C5A /* SFBusyOverlayerView.m in Sources */ = {isa = PBXBuildFile; fileRef = 321E4EF016D6595800679C5A /* SFBusyOverlayerView.m */; };
		3226D696169C4440002DCDD0 /* QuartzCore.framework in Frameworks */ = {isa = PBXBuildFile; fileRef = 3226D695169C4440002DCDD0 /* QuartzCore.framework */; };
		3226D69B169C637A002DCDD0 /* Overlay.png in Resources */ = {isa = PBXBuildFile; fileRef = 3226D699169C637A002DCDD0 /* Overlay.png */; };
		3226D69C169C637A002DCDD0 /* Overlay@2x.png in Resources */ = {isa = PBXBuildFile; fileRef = 3226D69A169C637A002DCDD0 /* Overlay@2x.png */; };
		3226D69F169C63ED002DCDD0 /* SFAssetTableCell.m in Sources */ = {isa = PBXBuildFile; fileRef = 3226D69E169C63ED002DCDD0 /* SFAssetTableCell.m */; };
		32CF9318169B725C0095AD4A /* UIKit.framework in Frameworks */ = {isa = PBXBuildFile; fileRef = 32CF9317169B725C0095AD4A /* UIKit.framework */; };
		32CF931A169B725C0095AD4A /* Foundation.framework in Frameworks */ = {isa = PBXBuildFile; fileRef = 32CF9319169B725C0095AD4A /* Foundation.framework */; };
		32CF931C169B725C0095AD4A /* CoreGraphics.framework in Frameworks */ = {isa = PBXBuildFile; fileRef = 32CF931B169B725C0095AD4A /* CoreGraphics.framework */; };
		32CF9322169B725C0095AD4A /* InfoPlist.strings in Resources */ = {isa = PBXBuildFile; fileRef = 32CF9320169B725C0095AD4A /* InfoPlist.strings */; };
		32CF9324169B725C0095AD4A /* main.m in Sources */ = {isa = PBXBuildFile; fileRef = 32CF9323169B725C0095AD4A /* main.m */; };
		32CF9328169B725C0095AD4A /* SFAppDelegate.m in Sources */ = {isa = PBXBuildFile; fileRef = 32CF9327169B725C0095AD4A /* SFAppDelegate.m */; };
		32CF932A169B725C0095AD4A /* Default.png in Resources */ = {isa = PBXBuildFile; fileRef = 32CF9329169B725C0095AD4A /* Default.png */; };
		32CF932C169B725C0095AD4A /* Default@2x.png in Resources */ = {isa = PBXBuildFile; fileRef = 32CF932B169B725C0095AD4A /* Default@2x.png */; };
		32CF932E169B725C0095AD4A /* Default-568h@2x.png in Resources */ = {isa = PBXBuildFile; fileRef = 32CF932D169B725C0095AD4A /* Default-568h@2x.png */; };
		32CF9331169B725C0095AD4A /* MainStoryboard_iPhone.storyboard in Resources */ = {isa = PBXBuildFile; fileRef = 32CF932F169B725C0095AD4A /* MainStoryboard_iPhone.storyboard */; };
		32CF9334169B725C0095AD4A /* MainStoryboard_iPad.storyboard in Resources */ = {isa = PBXBuildFile; fileRef = 32CF9332169B725C0095AD4A /* MainStoryboard_iPad.storyboard */; };
		32CF9337169B725C0095AD4A /* SFViewController.m in Sources */ = {isa = PBXBuildFile; fileRef = 32CF9336169B725C0095AD4A /* SFViewController.m */; };
		32CF9340169B72DB0095AD4A /* SFMultiImagePickerController.m in Sources */ = {isa = PBXBuildFile; fileRef = 32CF933F169B72DB0095AD4A /* SFMultiImagePickerController.m */; };
		32CF9343169B731B0095AD4A /* SFViewControllerModel.m in Sources */ = {isa = PBXBuildFile; fileRef = 32CF9342169B731B0095AD4A /* SFViewControllerModel.m */; };
		32CF9345169B734E0095AD4A /* AssetsLibrary.framework in Frameworks */ = {isa = PBXBuildFile; fileRef = 32CF9344169B734E0095AD4A /* AssetsLibrary.framework */; };
		32CF934D169B79090095AD4A /* SFGroupTableViewController.m in Sources */ = {isa = PBXBuildFile; fileRef = 32CF934C169B79090095AD4A /* SFGroupTableViewController.m */; };
		32CF9351169BA0CD0095AD4A /* SFAssetTableViewController.m in Sources */ = {isa = PBXBuildFile; fileRef = 32CF9350169BA0CD0095AD4A /* SFAssetTableViewController.m */; };
/* End PBXBuildFile section */

/* Begin PBXFileReference section */
		31AE18446F23D95A4FB37451 /* SFDragIndicator.m */ = {isa = PBXFileReference; fileEncoding = 4; lastKnownFileType = sourcecode.c.objc; path = SFDragIndicator.m; sourceTree = "<group>"; };
		31AE1A465AC4B6A56136470D /* SelectedAssetView.h */ = {isa = PBXFileReference; fileEncoding = 4; lastKnownFileType = sourcecode.c.h; name = SelectedAssetView.h; path = ImagePickerController/SelectedAssetView.h; sourceTree = "<group>"; };
		31AE1BDD1848125634C01C51 /* SelectedAssetView.m */ = {isa = PBXFileReference; fileEncoding = 4; lastKnownFileType = sourcecode.c.objc; name = SelectedAssetView.m; path = ImagePickerController/SelectedAssetView.m; sourceTree = "<group>"; };
		31AE1DB8AFC6A163406E0E4A /* SFDragIndicator.h */ = {isa = PBXFileReference; fileEncoding = 4; lastKnownFileType = sourcecode.c.h; path = SFDragIndicator.h; sourceTree = "<group>"; };
		321E4EED16D6589500679C5A /* BusyOverlayerView.xib */ = {isa = PBXFileReference; fileEncoding = 4; lastKnownFileType = file.xib; path = BusyOverlayerView.xib; sourceTree = "<group>"; };
		321E4EEF16D6595800679C5A /* SFBusyOverlayerView.h */ = {isa = PBXFileReference; fileEncoding = 4; lastKnownFileType = sourcecode.c.h; path = SFBusyOverlayerView.h; sourceTree = "<group>"; };
		321E4EF016D6595800679C5A /* SFBusyOverlayerView.m */ = {isa = PBXFileReference; fileEncoding = 4; lastKnownFileType = sourcecode.c.objc; path = SFBusyOverlayerView.m; sourceTree = "<group>"; };
		3226D695169C4440002DCDD0 /* QuartzCore.framework */ = {isa = PBXFileReference; lastKnownFileType = wrapper.framework; name = QuartzCore.framework; path = System/Library/Frameworks/QuartzCore.framework; sourceTree = SDKROOT; };
		3226D699169C637A002DCDD0 /* Overlay.png */ = {isa = PBXFileReference; lastKnownFileType = image.png; name = Overlay.png; path = ImagePickerController/Overlay.png; sourceTree = "<group>"; };
		3226D69A169C637A002DCDD0 /* Overlay@2x.png */ = {isa = PBXFileReference; lastKnownFileType = image.png; name = "Overlay@2x.png"; path = "ImagePickerController/Overlay@2x.png"; sourceTree = "<group>"; };
		3226D69D169C63ED002DCDD0 /* SFAssetTableCell.h */ = {isa = PBXFileReference; fileEncoding = 4; lastKnownFileType = sourcecode.c.h; name = SFAssetTableCell.h; path = ImagePickerController/SFAssetTableCell.h; sourceTree = "<group>"; };
		3226D69E169C63ED002DCDD0 /* SFAssetTableCell.m */ = {isa = PBXFileReference; fileEncoding = 4; lastKnownFileType = sourcecode.c.objc; name = SFAssetTableCell.m; path = ImagePickerController/SFAssetTableCell.m; sourceTree = "<group>"; };
		32CF9313169B725C0095AD4A /* SFImagePicker.app */ = {isa = PBXFileReference; explicitFileType = wrapper.application; includeInIndex = 0; path = SFImagePicker.app; sourceTree = BUILT_PRODUCTS_DIR; };
		32CF9317169B725C0095AD4A /* UIKit.framework */ = {isa = PBXFileReference; lastKnownFileType = wrapper.framework; name = UIKit.framework; path = System/Library/Frameworks/UIKit.framework; sourceTree = SDKROOT; };
		32CF9319169B725C0095AD4A /* Foundation.framework */ = {isa = PBXFileReference; lastKnownFileType = wrapper.framework; name = Foundation.framework; path = System/Library/Frameworks/Foundation.framework; sourceTree = SDKROOT; };
		32CF931B169B725C0095AD4A /* CoreGraphics.framework */ = {isa = PBXFileReference; lastKnownFileType = wrapper.framework; name = CoreGraphics.framework; path = System/Library/Frameworks/CoreGraphics.framework; sourceTree = SDKROOT; };
		32CF931F169B725C0095AD4A /* SFImagePicker-Info.plist */ = {isa = PBXFileReference; lastKnownFileType = text.plist.xml; path = "SFImagePicker-Info.plist"; sourceTree = "<group>"; };
		32CF9321169B725C0095AD4A /* en */ = {isa = PBXFileReference; lastKnownFileType = text.plist.strings; name = en; path = en.lproj/InfoPlist.strings; sourceTree = "<group>"; };
		32CF9323169B725C0095AD4A /* main.m */ = {isa = PBXFileReference; lastKnownFileType = sourcecode.c.objc; path = main.m; sourceTree = "<group>"; };
		32CF9325169B725C0095AD4A /* SFImagePicker-Prefix.pch */ = {isa = PBXFileReference; lastKnownFileType = sourcecode.c.h; path = "SFImagePicker-Prefix.pch"; sourceTree = "<group>"; };
		32CF9326169B725C0095AD4A /* SFAppDelegate.h */ = {isa = PBXFileReference; lastKnownFileType = sourcecode.c.h; path = SFAppDelegate.h; sourceTree = "<group>"; };
		32CF9327169B725C0095AD4A /* SFAppDelegate.m */ = {isa = PBXFileReference; lastKnownFileType = sourcecode.c.objc; path = SFAppDelegate.m; sourceTree = "<group>"; };
		32CF9329169B725C0095AD4A /* Default.png */ = {isa = PBXFileReference; lastKnownFileType = image.png; path = Default.png; sourceTree = "<group>"; };
		32CF932B169B725C0095AD4A /* Default@2x.png */ = {isa = PBXFileReference; lastKnownFileType = image.png; path = "Default@2x.png"; sourceTree = "<group>"; };
		32CF932D169B725C0095AD4A /* Default-568h@2x.png */ = {isa = PBXFileReference; lastKnownFileType = image.png; path = "Default-568h@2x.png"; sourceTree = "<group>"; };
		32CF9330169B725C0095AD4A /* en */ = {isa = PBXFileReference; lastKnownFileType = file.storyboard; name = en; path = en.lproj/MainStoryboard_iPhone.storyboard; sourceTree = "<group>"; };
		32CF9333169B725C0095AD4A /* en */ = {isa = PBXFileReference; lastKnownFileType = file.storyboard; name = en; path = en.lproj/MainStoryboard_iPad.storyboard; sourceTree = "<group>"; };
		32CF9335169B725C0095AD4A /* SFViewController.h */ = {isa = PBXFileReference; lastKnownFileType = sourcecode.c.h; path = SFViewController.h; sourceTree = "<group>"; };
		32CF9336169B725C0095AD4A /* SFViewController.m */ = {isa = PBXFileReference; lastKnownFileType = sourcecode.c.objc; path = SFViewController.m; sourceTree = "<group>"; };
		32CF933E169B72DB0095AD4A /* SFMultiImagePickerController.h */ = {isa = PBXFileReference; fileEncoding = 4; lastKnownFileType = sourcecode.c.h; name = SFMultiImagePickerController.h; path = ImagePickerController/SFMultiImagePickerController.h; sourceTree = "<group>"; };
		32CF933F169B72DB0095AD4A /* SFMultiImagePickerController.m */ = {isa = PBXFileReference; fileEncoding = 4; lastKnownFileType = sourcecode.c.objc; name = SFMultiImagePickerController.m; path = ImagePickerController/SFMultiImagePickerController.m; sourceTree = "<group>"; };
		32CF9341169B731A0095AD4A /* SFViewControllerModel.h */ = {isa = PBXFileReference; fileEncoding = 4; lastKnownFileType = sourcecode.c.h; name = SFViewControllerModel.h; path = ImagePickerController/SFViewControllerModel.h; sourceTree = "<group>"; };
		32CF9342169B731B0095AD4A /* SFViewControllerModel.m */ = {isa = PBXFileReference; fileEncoding = 4; lastKnownFileType = sourcecode.c.objc; name = SFViewControllerModel.m; path = ImagePickerController/SFViewControllerModel.m; sourceTree = "<group>"; };
		32CF9344169B734E0095AD4A /* AssetsLibrary.framework */ = {isa = PBXFileReference; lastKnownFileType = wrapper.framework; name = AssetsLibrary.framework; path = System/Library/Frameworks/AssetsLibrary.framework; sourceTree = SDKROOT; };
		32CF934B169B79090095AD4A /* SFGroupTableViewController.h */ = {isa = PBXFileReference; fileEncoding = 4; lastKnownFileType = sourcecode.c.h; name = SFGroupTableViewController.h; path = ImagePickerController/SFGroupTableViewController.h; sourceTree = "<group>"; };
		32CF934C169B79090095AD4A /* SFGroupTableViewController.m */ = {isa = PBXFileReference; fileEncoding = 4; lastKnownFileType = sourcecode.c.objc; name = SFGroupTableViewController.m; path = ImagePickerController/SFGroupTableViewController.m; sourceTree = "<group>"; };
		32CF934E169B96850095AD4A /* SFAssetsControllerDelegate.h */ = {isa = PBXFileReference; lastKnownFileType = sourcecode.c.h; name = SFAssetsControllerDelegate.h; path = ImagePickerController/SFAssetsControllerDelegate.h; sourceTree = "<group>"; };
		32CF934F169BA0CD0095AD4A /* SFAssetTableViewController.h */ = {isa = PBXFileReference; fileEncoding = 4; lastKnownFileType = sourcecode.c.h; name = SFAssetTableViewController.h; path = ImagePickerController/SFAssetTableViewController.h; sourceTree = "<group>"; };
		32CF9350169BA0CD0095AD4A /* SFAssetTableViewController.m */ = {isa = PBXFileReference; fileEncoding = 4; lastKnownFileType = sourcecode.c.objc; name = SFAssetTableViewController.m; path = ImagePickerController/SFAssetTableViewController.m; sourceTree = "<group>"; };
/* End PBXFileReference section */

/* Begin PBXFrameworksBuildPhase section */
		32CF9310169B725C0095AD4A /* Frameworks */ = {
			isa = PBXFrameworksBuildPhase;
			buildActionMask = 2147483647;
			files = (
				3226D696169C4440002DCDD0 /* QuartzCore.framework in Frameworks */,
				32CF9345169B734E0095AD4A /* AssetsLibrary.framework in Frameworks */,
				32CF9318169B725C0095AD4A /* UIKit.framework in Frameworks */,
				32CF931A169B725C0095AD4A /* Foundation.framework in Frameworks */,
				32CF931C169B725C0095AD4A /* CoreGraphics.framework in Frameworks */,
			);
			runOnlyForDeploymentPostprocessing = 0;
		};
/* End PBXFrameworksBuildPhase section */

/* Begin PBXGroup section */
		3226D698169C6364002DCDD0 /* Assets */ = {
			isa = PBXGroup;
			children = (
				3226D699169C637A002DCDD0 /* Overlay.png */,
				3226D69A169C637A002DCDD0 /* Overlay@2x.png */,
			);
			name = Assets;
			sourceTree = "<group>";
		};
		32CF9308169B725B0095AD4A = {
			isa = PBXGroup;
			children = (
				3226D695169C4440002DCDD0 /* QuartzCore.framework */,
				32CF9344169B734E0095AD4A /* AssetsLibrary.framework */,
				32CF931D169B725C0095AD4A /* Classes */,
				32CF9316169B725C0095AD4A /* Frameworks */,
				32CF9314169B725C0095AD4A /* Products */,
			);
			sourceTree = "<group>";
		};
		32CF9314169B725C0095AD4A /* Products */ = {
			isa = PBXGroup;
			children = (
				32CF9313169B725C0095AD4A /* SFImagePicker.app */,
			);
			name = Products;
			sourceTree = "<group>";
		};
		32CF9316169B725C0095AD4A /* Frameworks */ = {
			isa = PBXGroup;
			children = (
				32CF9317169B725C0095AD4A /* UIKit.framework */,
				32CF9319169B725C0095AD4A /* Foundation.framework */,
				32CF931B169B725C0095AD4A /* CoreGraphics.framework */,
			);
			name = Frameworks;
			sourceTree = "<group>";
		};
		32CF931D169B725C0095AD4A /* Classes */ = {
			isa = PBXGroup;
			children = (
				32CF933D169B72690095AD4A /* Image Picker Controller */,
				32CF9326169B725C0095AD4A /* SFAppDelegate.h */,
				32CF9327169B725C0095AD4A /* SFAppDelegate.m */,
				32CF932F169B725C0095AD4A /* MainStoryboard_iPhone.storyboard */,
				32CF9332169B725C0095AD4A /* MainStoryboard_iPad.storyboard */,
				32CF9335169B725C0095AD4A /* SFViewController.h */,
				32CF9336169B725C0095AD4A /* SFViewController.m */,
				321E4EED16D6589500679C5A /* BusyOverlayerView.xib */,
				321E4EEF16D6595800679C5A /* SFBusyOverlayerView.h */,
				321E4EF016D6595800679C5A /* SFBusyOverlayerView.m */,
				32CF931E169B725C0095AD4A /* Supporting Files */,
			);
			name = Classes;
			path = SFImagePicker;
			sourceTree = "<group>";
		};
		32CF931E169B725C0095AD4A /* Supporting Files */ = {
			isa = PBXGroup;
			children = (
				32CF931F169B725C0095AD4A /* SFImagePicker-Info.plist */,
				32CF9320169B725C0095AD4A /* InfoPlist.strings */,
				32CF9323169B725C0095AD4A /* main.m */,
				32CF9325169B725C0095AD4A /* SFImagePicker-Prefix.pch */,
				32CF9329169B725C0095AD4A /* Default.png */,
				32CF932B169B725C0095AD4A /* Default@2x.png */,
				32CF932D169B725C0095AD4A /* Default-568h@2x.png */,
			);
			name = "Supporting Files";
			sourceTree = "<group>";
		};
		32CF933D169B72690095AD4A /* Image Picker Controller */ = {
			isa = PBXGroup;
			children = (
				3226D698169C6364002DCDD0 /* Assets */,
				32CF9346169B73DF0095AD4A /* Model */,
				32CF933E169B72DB0095AD4A /* SFMultiImagePickerController.h */,
				32CF933F169B72DB0095AD4A /* SFMultiImagePickerController.m */,
				32CF934B169B79090095AD4A /* SFGroupTableViewController.h */,
				32CF934C169B79090095AD4A /* SFGroupTableViewController.m */,
				32CF934F169BA0CD0095AD4A /* SFAssetTableViewController.h */,
				32CF9350169BA0CD0095AD4A /* SFAssetTableViewController.m */,
				32CF934E169B96850095AD4A /* SFAssetsControllerDelegate.h */,
				3226D69D169C63ED002DCDD0 /* SFAssetTableCell.h */,
				3226D69E169C63ED002DCDD0 /* SFAssetTableCell.m */,
				31AE1BDD1848125634C01C51 /* SelectedAssetView.m */,
				31AE1A465AC4B6A56136470D /* SelectedAssetView.h */,
				31AE18446F23D95A4FB37451 /* SFDragIndicator.m */,
				31AE1DB8AFC6A163406E0E4A /* SFDragIndicator.h */,
			);
			name = "Image Picker Controller";
			sourceTree = "<group>";
		};
		32CF9346169B73DF0095AD4A /* Model */ = {
			isa = PBXGroup;
			children = (
				32CF9341169B731A0095AD4A /* SFViewControllerModel.h */,
				32CF9342169B731B0095AD4A /* SFViewControllerModel.m */,
			);
			name = Model;
			sourceTree = "<group>";
		};
/* End PBXGroup section */

/* Begin PBXNativeTarget section */
		32CF9312169B725C0095AD4A /* SFImagePicker */ = {
			isa = PBXNativeTarget;
			buildConfigurationList = 32CF933A169B725C0095AD4A /* Build configuration list for PBXNativeTarget "SFImagePicker" */;
			buildPhases = (
				32CF930F169B725C0095AD4A /* Sources */,
				32CF9310169B725C0095AD4A /* Frameworks */,
				32CF9311169B725C0095AD4A /* Resources */,
			);
			buildRules = (
			);
			dependencies = (
			);
			name = SFImagePicker;
			productName = SFImagePicker;
			productReference = 32CF9313169B725C0095AD4A /* SFImagePicker.app */;
			productType = "com.apple.product-type.application";
		};
/* End PBXNativeTarget section */

/* Begin PBXProject section */
		32CF930A169B725B0095AD4A /* Project object */ = {
			isa = PBXProject;
			attributes = {
				CLASSPREFIX = SF;
				LastUpgradeCheck = 0450;
				ORGANIZATIONNAME = segfaultsoft;
			};
			buildConfigurationList = 32CF930D169B725C0095AD4A /* Build configuration list for PBXProject "SFImagePicker" */;
			compatibilityVersion = "Xcode 3.2";
			developmentRegion = English;
			hasScannedForEncodings = 0;
			knownRegions = (
				en,
			);
			mainGroup = 32CF9308169B725B0095AD4A;
			productRefGroup = 32CF9314169B725C0095AD4A /* Products */;
			projectDirPath = "";
			projectRoot = "";
			targets = (
				32CF9312169B725C0095AD4A /* SFImagePicker */,
			);
		};
/* End PBXProject section */

/* Begin PBXResourcesBuildPhase section */
		32CF9311169B725C0095AD4A /* Resources */ = {
			isa = PBXResourcesBuildPhase;
			buildActionMask = 2147483647;
			files = (
				32CF9322169B725C0095AD4A /* InfoPlist.strings in Resources */,
				32CF932A169B725C0095AD4A /* Default.png in Resources */,
				32CF932C169B725C0095AD4A /* Default@2x.png in Resources */,
				32CF932E169B725C0095AD4A /* Default-568h@2x.png in Resources */,
				32CF9331169B725C0095AD4A /* MainStoryboard_iPhone.storyboard in Resources */,
				32CF9334169B725C0095AD4A /* MainStoryboard_iPad.storyboard in Resources */,
				3226D69B169C637A002DCDD0 /* Overlay.png in Resources */,
				3226D69C169C637A002DCDD0 /* Overlay@2x.png in Resources */,
				321E4EEE16D6589500679C5A /* BusyOverlayerView.xib in Resources */,
			);
			runOnlyForDeploymentPostprocessing = 0;
		};
/* End PBXResourcesBuildPhase section */

/* Begin PBXSourcesBuildPhase section */
		32CF930F169B725C0095AD4A /* Sources */ = {
			isa = PBXSourcesBuildPhase;
			buildActionMask = 2147483647;
			files = (
				32CF9324169B725C0095AD4A /* main.m in Sources */,
				32CF9328169B725C0095AD4A /* SFAppDelegate.m in Sources */,
				32CF9337169B725C0095AD4A /* SFViewController.m in Sources */,
				32CF9340169B72DB0095AD4A /* SFMultiImagePickerController.m in Sources */,
				32CF9343169B731B0095AD4A /* SFViewControllerModel.m in Sources */,
				32CF934D169B79090095AD4A /* SFGroupTableViewController.m in Sources */,
				32CF9351169BA0CD0095AD4A /* SFAssetTableViewController.m in Sources */,
				3226D69F169C63ED002DCDD0 /* SFAssetTableCell.m in Sources */,
				31AE1967A45BA923F811383C /* SelectedAssetView.m in Sources */,
				31AE18E0E605F8BAEE2E79D2 /* SFDragIndicator.m in Sources */,
				321E4EF116D6595900679C5A /* SFBusyOverlayerView.m in Sources */,
			);
			runOnlyForDeploymentPostprocessing = 0;
		};
/* End PBXSourcesBuildPhase section */

/* Begin PBXVariantGroup section */
		32CF9320169B725C0095AD4A /* InfoPlist.strings */ = {
			isa = PBXVariantGroup;
			children = (
				32CF9321169B725C0095AD4A /* en */,
			);
			name = InfoPlist.strings;
			sourceTree = "<group>";
		};
		32CF932F169B725C0095AD4A /* MainStoryboard_iPhone.storyboard */ = {
			isa = PBXVariantGroup;
			children = (
				32CF9330169B725C0095AD4A /* en */,
			);
			name = MainStoryboard_iPhone.storyboard;
			sourceTree = "<group>";
		};
		32CF9332169B725C0095AD4A /* MainStoryboard_iPad.storyboard */ = {
			isa = PBXVariantGroup;
			children = (
				32CF9333169B725C0095AD4A /* en */,
			);
			name = MainStoryboard_iPad.storyboard;
			sourceTree = "<group>";
		};
/* End PBXVariantGroup section */

/* Begin XCBuildConfiguration section */
		32CF9338169B725C0095AD4A /* Debug */ = {
			isa = XCBuildConfiguration;
			buildSettings = {
				ALWAYS_SEARCH_USER_PATHS = NO;
				CLANG_CXX_LANGUAGE_STANDARD = "gnu++0x";
				CLANG_CXX_LIBRARY = "libc++";
				CLANG_ENABLE_OBJC_ARC = YES;
				CLANG_WARN_EMPTY_BODY = YES;
				CLANG_WARN__DUPLICATE_METHOD_MATCH = YES;
				"CODE_SIGN_IDENTITY[sdk=iphoneos*]" = "iPhone Developer";
				COPY_PHASE_STRIP = NO;
				GCC_C_LANGUAGE_STANDARD = gnu99;
				GCC_DYNAMIC_NO_PIC = NO;
				GCC_OPTIMIZATION_LEVEL = 0;
				GCC_PREPROCESSOR_DEFINITIONS = (
					"DEBUG=1",
					"$(inherited)",
				);
				GCC_SYMBOLS_PRIVATE_EXTERN = NO;
				GCC_WARN_ABOUT_RETURN_TYPE = YES;
				GCC_WARN_UNINITIALIZED_AUTOS = YES;
				GCC_WARN_UNUSED_VARIABLE = YES;
				IPHONEOS_DEPLOYMENT_TARGET = 6.0;
				ONLY_ACTIVE_ARCH = YES;
				SDKROOT = iphoneos;
				TARGETED_DEVICE_FAMILY = "1,2";
			};
			name = Debug;
		};
		32CF9339169B725C0095AD4A /* Release */ = {
			isa = XCBuildConfiguration;
			buildSettings = {
				ALWAYS_SEARCH_USER_PATHS = NO;
				CLANG_CXX_LANGUAGE_STANDARD = "gnu++0x";
				CLANG_CXX_LIBRARY = "libc++";
				CLANG_ENABLE_OBJC_ARC = YES;
				CLANG_WARN_EMPTY_BODY = YES;
				CLANG_WARN__DUPLICATE_METHOD_MATCH = YES;
				"CODE_SIGN_IDENTITY[sdk=iphoneos*]" = "iPhone Developer";
				COPY_PHASE_STRIP = YES;
				GCC_C_LANGUAGE_STANDARD = gnu99;
				GCC_WARN_ABOUT_RETURN_TYPE = YES;
				GCC_WARN_UNINITIALIZED_AUTOS = YES;
				GCC_WARN_UNUSED_VARIABLE = YES;
				IPHONEOS_DEPLOYMENT_TARGET = 6.0;
				OTHER_CFLAGS = "-DNS_BLOCK_ASSERTIONS=1";
				SDKROOT = iphoneos;
				TARGETED_DEVICE_FAMILY = "1,2";
				VALIDATE_PRODUCT = YES;
			};
			name = Release;
		};
		32CF933B169B725C0095AD4A /* Debug */ = {
			isa = XCBuildConfiguration;
			buildSettings = {
				GCC_PRECOMPILE_PREFIX_HEADER = YES;
				GCC_PREFIX_HEADER = "SFImagePicker/SFImagePicker-Prefix.pch";
				INFOPLIST_FILE = "SFImagePicker/SFImagePicker-Info.plist";
				PRODUCT_NAME = "$(TARGET_NAME)";
				WRAPPER_EXTENSION = app;
			};
			name = Debug;
		};
		32CF933C169B725C0095AD4A /* Release */ = {
			isa = XCBuildConfiguration;
			buildSettings = {
				GCC_PRECOMPILE_PREFIX_HEADER = YES;
				GCC_PREFIX_HEADER = "SFImagePicker/SFImagePicker-Prefix.pch";
				INFOPLIST_FILE = "SFImagePicker/SFImagePicker-Info.plist";
				PRODUCT_NAME = "$(TARGET_NAME)";
				WRAPPER_EXTENSION = app;
			};
			name = Release;
		};
/* End XCBuildConfiguration section */

/* Begin XCConfigurationList section */
		32CF930D169B725C0095AD4A /* Build configuration list for PBXProject "SFImagePicker" */ = {
			isa = XCConfigurationList;
			buildConfigurations = (
				32CF9338169B725C0095AD4A /* Debug */,
				32CF9339169B725C0095AD4A /* Release */,
			);
			defaultConfigurationIsVisible = 0;
			defaultConfigurationName = Release;
		};
		32CF933A169B725C0095AD4A /* Build configuration list for PBXNativeTarget "SFImagePicker" */ = {
			isa = XCConfigurationList;
			buildConfigurations = (
				32CF933B169B725C0095AD4A /* Debug */,
				32CF933C169B725C0095AD4A /* Release */,
			);
			defaultConfigurationIsVisible = 0;
			defaultConfigurationName = Release;
		};
/* End XCConfigurationList section */
	};
	rootObject = 32CF930A169B725B0095AD4A /* Project object */;
}
